
Microsoft Visual Studio Solution File, Format Version 12.00
# Visual Studio Version 17
VisualStudioVersion = 17.12.35527.113 d17.12
MinimumVisualStudioVersion = 10.0.40219.1
Project("{FAE04EC0-301F-11D3-BF4B-00C04F79EFBC}") = "Generics", "Generics\Generics.csproj", "{A9881629-2F5D-428C-B4CB-41DBB6F73124}"
EndProject
Project("{FAE04EC0-301F-11D3-BF4B-00C04F79EFBC}") = "Delegates", "Delegates\Delegates.csproj", "{88D75667-91FA-4293-9D0D-FC42609DE50D}"
EndProject
Project("{FAE04EC0-301F-11D3-BF4B-00C04F79EFBC}") = "LamdaExpression", "LamdaExpression\LamdaExpression.csproj", "{DDEB9A69-3C99-451A-9C9C-6CC73085247E}"
EndProject
Project("{FAE04EC0-301F-11D3-BF4B-00C04F79EFBC}") = "Events", "Events\Events.csproj", "{55208273-2F5C-49DB-9B80-41BB5EE6998D}"
EndProject
Global
	GlobalSection(SolutionConfigurationPlatforms) = preSolution
		Debug|Any CPU = Debug|Any CPU
		Release|Any CPU = Release|Any CPU
	EndGlobalSection
	GlobalSection(ProjectConfigurationPlatforms) = postSolution
		{A9881629-2F5D-428C-B4CB-41DBB6F73124}.Debug|Any CPU.ActiveCfg = Debug|Any CPU
		{A9881629-2F5D-428C-B4CB-41DBB6F73124}.Debug|Any CPU.Build.0 = Debug|Any CPU
		{A9881629-2F5D-428C-B4CB-41DBB6F73124}.Release|Any CPU.ActiveCfg = Release|Any CPU
		{A9881629-2F5D-428C-B4CB-41DBB6F73124}.Release|Any CPU.Build.0 = Release|Any CPU
		{88D75667-91FA-4293-9D0D-FC42609DE50D}.Debug|Any CPU.ActiveCfg = Debug|Any CPU
		{88D75667-91FA-4293-9D0D-FC42609DE50D}.Debug|Any CPU.Build.0 = Debug|Any CPU
		{88D75667-91FA-4293-9D0D-FC42609DE50D}.Release|Any CPU.ActiveCfg = Release|Any CPU
		{88D75667-91FA-4293-9D0D-FC42609DE50D}.Release|Any CPU.Build.0 = Release|Any CPU
		{DDEB9A69-3C99-451A-9C9C-6CC73085247E}.Debug|Any CPU.ActiveCfg = Debug|Any CPU
		{DDEB9A69-3C99-451A-9C9C-6CC73085247E}.Debug|Any CPU.Build.0 = Debug|Any CPU
		{DDEB9A69-3C99-451A-9C9C-6CC73085247E}.Release|Any CPU.ActiveCfg = Release|Any CPU
		{DDEB9A69-3C99-451A-9C9C-6CC73085247E}.Release|Any CPU.Build.0 = Release|Any CPU
		{55208273-2F5C-49DB-9B80-41BB5EE6998D}.Debug|Any CPU.ActiveCfg = Debug|Any CPU
		{55208273-2F5C-49DB-9B80-41BB5EE6998D}.Debug|Any CPU.Build.0 = Debug|Any CPU
		{55208273-2F5C-49DB-9B80-41BB5EE6998D}.Release|Any CPU.ActiveCfg = Release|Any CPU
		{55208273-2F5C-49DB-9B80-41BB5EE6998D}.Release|Any CPU.Build.0 = Release|Any CPU
	EndGlobalSection
	GlobalSection(SolutionProperties) = preSolution
		HideSolutionNode = FALSE
	EndGlobalSection
EndGlobal
