
Microsoft Visual Studio Solution File, Format Version 12.00
# Visual Studio Version 17
VisualStudioVersion = 17.12.35527.113
MinimumVisualStudioVersion = 10.0.40219.1
Project("{FAE04EC0-301F-11D3-BF4B-00C04F79EFBC}") = "HelloWorld", "HelloWorld\HelloWorld.csproj", "{DAC198A6-E92D-4714-827B-344636AE3098}"
EndProject
Project("{FAE04EC0-301F-11D3-BF4B-00C04F79EFBC}") = "VariableAndConstant", "VariableAndConstant\VariableAndConstant.csproj", "{72B346E1-E17B-408E-A38D-6C4681162170}"
EndProject
Project("{FAE04EC0-301F-11D3-BF4B-00C04F79EFBC}") = "TypeConversion", "TypeConversion\TypeConversion.csproj", "{0BE06C18-CD87-462E-9929-C04A9968DFBB}"
EndProject
Project("{FAE04EC0-301F-11D3-BF4B-00C04F79EFBC}") = "Operators", "Operators\Operators.csproj", "{DDDAFF04-73C1-4B85-B675-5EC827873705}"
EndProject
Project("{FAE04EC0-301F-11D3-BF4B-00C04F79EFBC}") = "NonPrimitiveType", "NonPrimitiveType\NonPrimitiveType.csproj", "{FA893802-E52E-46FB-AC64-5D802BD0BF15}"
EndProject
Project("{FAE04EC0-301F-11D3-BF4B-00C04F79EFBC}") = "Array", "Array\Array.csproj", "{58993370-D207-44A0-965F-405E1B8E72F8}"
EndProject
Project("{FAE04EC0-301F-11D3-BF4B-00C04F79EFBC}") = "String", "String\String.csproj", "{2F18E090-5CBC-4344-864C-495D5DB998C1}"
EndProject
Project("{FAE04EC0-301F-11D3-BF4B-00C04F79EFBC}") = "Enum", "Enum\Enum.csproj", "{35FCC6BA-85E9-4F94-A1DD-52F6F748FDC1}"
EndProject
Project("{FAE04EC0-301F-11D3-BF4B-00C04F79EFBC}") = "ReferenceType", "ReferenceType\ReferenceType.csproj", "{9DB27E85-839C-4E8C-A354-0563AAC017AC}"
EndProject
Project("{FAE04EC0-301F-11D3-BF4B-00C04F79EFBC}") = "ControlFlow", "ControlFlow\ControlFlow.csproj", "{FE7F453B-ADA2-41C0-8644-E2485C79D178}"
EndProject
Project("{FAE04EC0-301F-11D3-BF4B-00C04F79EFBC}") = "RandomClass", "RandomClass\RandomClass.csproj", "{336CFCC2-4569-40DE-B9AF-C1DF50DD027F}"
EndProject
Project("{FAE04EC0-301F-11D3-BF4B-00C04F79EFBC}") = "ArrayFunctions", "ArrayFunctions\ArrayFunctions.csproj", "{4798D26D-77D6-43B4-AC0C-5027E9E8EB97}"
EndProject
Project("{FAE04EC0-301F-11D3-BF4B-00C04F79EFBC}") = "List", "List\List.csproj", "{433AA881-31C0-40B4-9914-25C97544A8A4}"
EndProject
Project("{FAE04EC0-301F-11D3-BF4B-00C04F79EFBC}") = "WorkingWithDates", "WorkingWithDates\WorkingWithDates.csproj", "{5CF10CEF-4DF7-4D7C-AC77-9FCA7E7BB4E5}"
EndProject
Project("{FAE04EC0-301F-11D3-BF4B-00C04F79EFBC}") = "WorkingWithText", "WorkingWithText\WorkingWithText.csproj", "{1D0CA8A7-7A83-4B70-B0E2-B402125BF3CD}"
EndProject
Project("{FAE04EC0-301F-11D3-BF4B-00C04F79EFBC}") = "Summarising Text", "Summarising Text\Summarising Text.csproj", "{1D75234C-77FE-44F0-8AA6-7F57E7E36D19}"
EndProject
Project("{FAE04EC0-301F-11D3-BF4B-00C04F79EFBC}") = "StringBuilderExample", "StringBuilderExample\StringBuilderExample.csproj", "{1F8003CC-DF71-475D-8C5C-0BF727A43FC0}"
EndProject
Project("{FAE04EC0-301F-11D3-BF4B-00C04F79EFBC}") = "fileFileInfo", "WorkingWith Files\fileFileInfo.csproj", "{73E607B3-BAD6-4E87-B5DC-5232E6B0A016}"
EndProject
Project("{FAE04EC0-301F-11D3-BF4B-00C04F79EFBC}") = "directoryDirectoryInfo", "directoryDirectoryInfo\directoryDirectoryInfo.csproj", "{F546C399-A6C2-4142-87F9-0BC902E729F6}"
EndProject
Project("{FAE04EC0-301F-11D3-BF4B-00C04F79EFBC}") = "Path", "Path\Path.csproj", "{06396230-C450-454D-AAE8-5489FA74F8C4}"
EndProject
Project("{FAE04EC0-301F-11D3-BF4B-00C04F79EFBC}") = "Debuging", "Debuging\Debuging.csproj", "{D09F5022-8780-4D2E-BC85-4DF84FE47569}"
EndProject
Global
	GlobalSection(SolutionConfigurationPlatforms) = preSolution
		Debug|Any CPU = Debug|Any CPU
		Release|Any CPU = Release|Any CPU
	EndGlobalSection
	GlobalSection(ProjectConfigurationPlatforms) = postSolution
		{DAC198A6-E92D-4714-827B-344636AE3098}.Debug|Any CPU.ActiveCfg = Debug|Any CPU
		{DAC198A6-E92D-4714-827B-344636AE3098}.Debug|Any CPU.Build.0 = Debug|Any CPU
		{DAC198A6-E92D-4714-827B-344636AE3098}.Release|Any CPU.ActiveCfg = Release|Any CPU
		{DAC198A6-E92D-4714-827B-344636AE3098}.Release|Any CPU.Build.0 = Release|Any CPU
		{72B346E1-E17B-408E-A38D-6C4681162170}.Debug|Any CPU.ActiveCfg = Debug|Any CPU
		{72B346E1-E17B-408E-A38D-6C4681162170}.Debug|Any CPU.Build.0 = Debug|Any CPU
		{72B346E1-E17B-408E-A38D-6C4681162170}.Release|Any CPU.ActiveCfg = Release|Any CPU
		{72B346E1-E17B-408E-A38D-6C4681162170}.Release|Any CPU.Build.0 = Release|Any CPU
		{0BE06C18-CD87-462E-9929-C04A9968DFBB}.Debug|Any CPU.ActiveCfg = Debug|Any CPU
		{0BE06C18-CD87-462E-9929-C04A9968DFBB}.Debug|Any CPU.Build.0 = Debug|Any CPU
		{0BE06C18-CD87-462E-9929-C04A9968DFBB}.Release|Any CPU.ActiveCfg = Release|Any CPU
		{0BE06C18-CD87-462E-9929-C04A9968DFBB}.Release|Any CPU.Build.0 = Release|Any CPU
		{DDDAFF04-73C1-4B85-B675-5EC827873705}.Debug|Any CPU.ActiveCfg = Debug|Any CPU
		{DDDAFF04-73C1-4B85-B675-5EC827873705}.Debug|Any CPU.Build.0 = Debug|Any CPU
		{DDDAFF04-73C1-4B85-B675-5EC827873705}.Release|Any CPU.ActiveCfg = Release|Any CPU
		{DDDAFF04-73C1-4B85-B675-5EC827873705}.Release|Any CPU.Build.0 = Release|Any CPU
		{FA893802-E52E-46FB-AC64-5D802BD0BF15}.Debug|Any CPU.ActiveCfg = Debug|Any CPU
		{FA893802-E52E-46FB-AC64-5D802BD0BF15}.Debug|Any CPU.Build.0 = Debug|Any CPU
		{FA893802-E52E-46FB-AC64-5D802BD0BF15}.Release|Any CPU.ActiveCfg = Release|Any CPU
		{FA893802-E52E-46FB-AC64-5D802BD0BF15}.Release|Any CPU.Build.0 = Release|Any CPU
		{58993370-D207-44A0-965F-405E1B8E72F8}.Debug|Any CPU.ActiveCfg = Debug|Any CPU
		{58993370-D207-44A0-965F-405E1B8E72F8}.Debug|Any CPU.Build.0 = Debug|Any CPU
		{58993370-D207-44A0-965F-405E1B8E72F8}.Release|Any CPU.ActiveCfg = Release|Any CPU
		{58993370-D207-44A0-965F-405E1B8E72F8}.Release|Any CPU.Build.0 = Release|Any CPU
		{2F18E090-5CBC-4344-864C-495D5DB998C1}.Debug|Any CPU.ActiveCfg = Debug|Any CPU
		{2F18E090-5CBC-4344-864C-495D5DB998C1}.Debug|Any CPU.Build.0 = Debug|Any CPU
		{2F18E090-5CBC-4344-864C-495D5DB998C1}.Release|Any CPU.ActiveCfg = Release|Any CPU
		{2F18E090-5CBC-4344-864C-495D5DB998C1}.Release|Any CPU.Build.0 = Release|Any CPU
		{35FCC6BA-85E9-4F94-A1DD-52F6F748FDC1}.Debug|Any CPU.ActiveCfg = Debug|Any CPU
		{35FCC6BA-85E9-4F94-A1DD-52F6F748FDC1}.Debug|Any CPU.Build.0 = Debug|Any CPU
		{35FCC6BA-85E9-4F94-A1DD-52F6F748FDC1}.Release|Any CPU.ActiveCfg = Release|Any CPU
		{35FCC6BA-85E9-4F94-A1DD-52F6F748FDC1}.Release|Any CPU.Build.0 = Release|Any CPU
		{9DB27E85-839C-4E8C-A354-0563AAC017AC}.Debug|Any CPU.ActiveCfg = Debug|Any CPU
		{9DB27E85-839C-4E8C-A354-0563AAC017AC}.Debug|Any CPU.Build.0 = Debug|Any CPU
		{9DB27E85-839C-4E8C-A354-0563AAC017AC}.Release|Any CPU.ActiveCfg = Release|Any CPU
		{9DB27E85-839C-4E8C-A354-0563AAC017AC}.Release|Any CPU.Build.0 = Release|Any CPU
		{FE7F453B-ADA2-41C0-8644-E2485C79D178}.Debug|Any CPU.ActiveCfg = Debug|Any CPU
		{FE7F453B-ADA2-41C0-8644-E2485C79D178}.Debug|Any CPU.Build.0 = Debug|Any CPU
		{FE7F453B-ADA2-41C0-8644-E2485C79D178}.Release|Any CPU.ActiveCfg = Release|Any CPU
		{FE7F453B-ADA2-41C0-8644-E2485C79D178}.Release|Any CPU.Build.0 = Release|Any CPU
		{336CFCC2-4569-40DE-B9AF-C1DF50DD027F}.Debug|Any CPU.ActiveCfg = Debug|Any CPU
		{336CFCC2-4569-40DE-B9AF-C1DF50DD027F}.Debug|Any CPU.Build.0 = Debug|Any CPU
		{336CFCC2-4569-40DE-B9AF-C1DF50DD027F}.Release|Any CPU.ActiveCfg = Release|Any CPU
		{336CFCC2-4569-40DE-B9AF-C1DF50DD027F}.Release|Any CPU.Build.0 = Release|Any CPU
		{4798D26D-77D6-43B4-AC0C-5027E9E8EB97}.Debug|Any CPU.ActiveCfg = Debug|Any CPU
		{4798D26D-77D6-43B4-AC0C-5027E9E8EB97}.Debug|Any CPU.Build.0 = Debug|Any CPU
		{4798D26D-77D6-43B4-AC0C-5027E9E8EB97}.Release|Any CPU.ActiveCfg = Release|Any CPU
		{4798D26D-77D6-43B4-AC0C-5027E9E8EB97}.Release|Any CPU.Build.0 = Release|Any CPU
		{433AA881-31C0-40B4-9914-25C97544A8A4}.Debug|Any CPU.ActiveCfg = Debug|Any CPU
		{433AA881-31C0-40B4-9914-25C97544A8A4}.Debug|Any CPU.Build.0 = Debug|Any CPU
		{433AA881-31C0-40B4-9914-25C97544A8A4}.Release|Any CPU.ActiveCfg = Release|Any CPU
		{433AA881-31C0-40B4-9914-25C97544A8A4}.Release|Any CPU.Build.0 = Release|Any CPU
		{5CF10CEF-4DF7-4D7C-AC77-9FCA7E7BB4E5}.Debug|Any CPU.ActiveCfg = Debug|Any CPU
		{5CF10CEF-4DF7-4D7C-AC77-9FCA7E7BB4E5}.Debug|Any CPU.Build.0 = Debug|Any CPU
		{5CF10CEF-4DF7-4D7C-AC77-9FCA7E7BB4E5}.Release|Any CPU.ActiveCfg = Release|Any CPU
		{5CF10CEF-4DF7-4D7C-AC77-9FCA7E7BB4E5}.Release|Any CPU.Build.0 = Release|Any CPU
		{1D0CA8A7-7A83-4B70-B0E2-B402125BF3CD}.Debug|Any CPU.ActiveCfg = Debug|Any CPU
		{1D0CA8A7-7A83-4B70-B0E2-B402125BF3CD}.Debug|Any CPU.Build.0 = Debug|Any CPU
		{1D0CA8A7-7A83-4B70-B0E2-B402125BF3CD}.Release|Any CPU.ActiveCfg = Release|Any CPU
		{1D0CA8A7-7A83-4B70-B0E2-B402125BF3CD}.Release|Any CPU.Build.0 = Release|Any CPU
		{1D75234C-77FE-44F0-8AA6-7F57E7E36D19}.Debug|Any CPU.ActiveCfg = Debug|Any CPU
		{1D75234C-77FE-44F0-8AA6-7F57E7E36D19}.Debug|Any CPU.Build.0 = Debug|Any CPU
		{1D75234C-77FE-44F0-8AA6-7F57E7E36D19}.Release|Any CPU.ActiveCfg = Release|Any CPU
		{1D75234C-77FE-44F0-8AA6-7F57E7E36D19}.Release|Any CPU.Build.0 = Release|Any CPU
		{1F8003CC-DF71-475D-8C5C-0BF727A43FC0}.Debug|Any CPU.ActiveCfg = Debug|Any CPU
		{1F8003CC-DF71-475D-8C5C-0BF727A43FC0}.Debug|Any CPU.Build.0 = Debug|Any CPU
		{1F8003CC-DF71-475D-8C5C-0BF727A43FC0}.Release|Any CPU.ActiveCfg = Release|Any CPU
		{1F8003CC-DF71-475D-8C5C-0BF727A43FC0}.Release|Any CPU.Build.0 = Release|Any CPU
		{73E607B3-BAD6-4E87-B5DC-5232E6B0A016}.Debug|Any CPU.ActiveCfg = Debug|Any CPU
		{73E607B3-BAD6-4E87-B5DC-5232E6B0A016}.Debug|Any CPU.Build.0 = Debug|Any CPU
		{73E607B3-BAD6-4E87-B5DC-5232E6B0A016}.Release|Any CPU.ActiveCfg = Release|Any CPU
		{73E607B3-BAD6-4E87-B5DC-5232E6B0A016}.Release|Any CPU.Build.0 = Release|Any CPU
		{F546C399-A6C2-4142-87F9-0BC902E729F6}.Debug|Any CPU.ActiveCfg = Debug|Any CPU
		{F546C399-A6C2-4142-87F9-0BC902E729F6}.Debug|Any CPU.Build.0 = Debug|Any CPU
		{F546C399-A6C2-4142-87F9-0BC902E729F6}.Release|Any CPU.ActiveCfg = Release|Any CPU
		{F546C399-A6C2-4142-87F9-0BC902E729F6}.Release|Any CPU.Build.0 = Release|Any CPU
		{06396230-C450-454D-AAE8-5489FA74F8C4}.Debug|Any CPU.ActiveCfg = Debug|Any CPU
		{06396230-C450-454D-AAE8-5489FA74F8C4}.Debug|Any CPU.Build.0 = Debug|Any CPU
		{06396230-C450-454D-AAE8-5489FA74F8C4}.Release|Any CPU.ActiveCfg = Release|Any CPU
		{06396230-C450-454D-AAE8-5489FA74F8C4}.Release|Any CPU.Build.0 = Release|Any CPU
		{D09F5022-8780-4D2E-BC85-4DF84FE47569}.Debug|Any CPU.ActiveCfg = Debug|Any CPU
		{D09F5022-8780-4D2E-BC85-4DF84FE47569}.Debug|Any CPU.Build.0 = Debug|Any CPU
		{D09F5022-8780-4D2E-BC85-4DF84FE47569}.Release|Any CPU.ActiveCfg = Release|Any CPU
		{D09F5022-8780-4D2E-BC85-4DF84FE47569}.Release|Any CPU.Build.0 = Release|Any CPU
	EndGlobalSection
	GlobalSection(SolutionProperties) = preSolution
		HideSolutionNode = FALSE
	EndGlobalSection
EndGlobal
